
Microsoft Visual Studio Solution File, Format Version 12.00
# Visual Studio Version 16
VisualStudioVersion = 16.0.31424.327
MinimumVisualStudioVersion = 10.0.40219.1
Project("{FAE04EC0-301F-11D3-BF4B-00C04F79EFBC}") = "CFinancial", "CFinancial\CFinancial.csproj", "{A943CA05-17C3-4317-BB85-FB678F9B918E}"
EndProject
Global
	GlobalSection(SolutionConfigurationPlatforms) = preSolution
		Debug|Any CPU = Debug|Any CPU
		Release|Any CPU = Release|Any CPU
	EndGlobalSection
	GlobalSection(ProjectConfigurationPlatforms) = postSolution
		{A943CA05-17C3-4317-BB85-FB678F9B918E}.Debug|Any CPU.ActiveCfg = Debug|Any CPU
		{A943CA05-17C3-4317-BB85-FB678F9B918E}.Debug|Any CPU.Build.0 = Debug|Any CPU
		{A943CA05-17C3-4317-BB85-FB678F9B918E}.Release|Any CPU.ActiveCfg = Release|Any CPU
		{A943CA05-17C3-4317-BB85-FB678F9B918E}.Release|Any CPU.Build.0 = Release|Any CPU
	EndGlobalSection
	GlobalSection(SolutionProperties) = preSolution
		HideSolutionNode = FALSE
	EndGlobalSection
	GlobalSection(ExtensibilityGlobals) = postSolution
		SolutionGuid = {17D14DB9-F777-4DCD-97C6-65210E816E89}
	EndGlobalSection
EndGlobal
